
Microsoft Visual Studio Solution File, Format Version 12.00
# Visual Studio Version 17
VisualStudioVersion = 17.11.35222.181
MinimumVisualStudioVersion = 10.0.40219.1
Project("{FAE04EC0-301F-11D3-BF4B-00C04F79EFBC}") = "PixelStruct", "PixelStruct\PixelStruct.csproj", "{6FB982A4-9AF3-47AC-96FC-19BC88472701}"
EndProject
Project("{FAE04EC0-301F-11D3-BF4B-00C04F79EFBC}") = "PixelStruct.Tests", "PixelStruct.Tests\PixelStruct.Tests.csproj", "{D904EDC6-BD1D-47D4-8D61-5DA793B9FC83}"
EndProject
Global
	GlobalSection(SolutionConfigurationPlatforms) = preSolution
		Debug|Any CPU = Debug|Any CPU
		Release|Any CPU = Release|Any CPU
	EndGlobalSection
	GlobalSection(ProjectConfigurationPlatforms) = postSolution
		{6FB982A4-9AF3-47AC-96FC-19BC88472701}.Debug|Any CPU.ActiveCfg = Debug|Any CPU
		{6FB982A4-9AF3-47AC-96FC-19BC88472701}.Debug|Any CPU.Build.0 = Debug|Any CPU
		{6FB982A4-9AF3-47AC-96FC-19BC88472701}.Release|Any CPU.ActiveCfg = Release|Any CPU
		{6FB982A4-9AF3-47AC-96FC-19BC88472701}.Release|Any CPU.Build.0 = Release|Any CPU
		{D904EDC6-BD1D-47D4-8D61-5DA793B9FC83}.Debug|Any CPU.ActiveCfg = Debug|Any CPU
		{D904EDC6-BD1D-47D4-8D61-5DA793B9FC83}.Debug|Any CPU.Build.0 = Debug|Any CPU
		{D904EDC6-BD1D-47D4-8D61-5DA793B9FC83}.Release|Any CPU.ActiveCfg = Release|Any CPU
		{D904EDC6-BD1D-47D4-8D61-5DA793B9FC83}.Release|Any CPU.Build.0 = Release|Any CPU
	EndGlobalSection
	GlobalSection(SolutionProperties) = preSolution
		HideSolutionNode = FALSE
	EndGlobalSection
	GlobalSection(ExtensibilityGlobals) = postSolution
		SolutionGuid = {89947F10-4062-4F12-9E2D-716175F2E068}
	EndGlobalSection
EndGlobal
