
Microsoft Visual Studio Solution File, Format Version 12.00
# Visual Studio Version 17
VisualStudioVersion = 17.11.35222.181
MinimumVisualStudioVersion = 10.0.40219.1
Project("{FAE04EC0-301F-11D3-BF4B-00C04F79EFBC}") = "ResourceMeters", "ResourceMeters\ResourceMeters.csproj", "{26281BBC-465F-4D99-B192-140F6CDE12E0}"
EndProject
Project("{FAE04EC0-301F-11D3-BF4B-00C04F79EFBC}") = "ResourceMeters.Tests", "ResourceMeters.Tests\ResourceMeters.Tests.csproj", "{C5A73303-7F93-4077-874D-78801C8918B8}"
EndProject
Global
	GlobalSection(SolutionConfigurationPlatforms) = preSolution
		Debug|Any CPU = Debug|Any CPU
		Release|Any CPU = Release|Any CPU
	EndGlobalSection
	GlobalSection(ProjectConfigurationPlatforms) = postSolution
		{26281BBC-465F-4D99-B192-140F6CDE12E0}.Debug|Any CPU.ActiveCfg = Debug|Any CPU
		{26281BBC-465F-4D99-B192-140F6CDE12E0}.Debug|Any CPU.Build.0 = Debug|Any CPU
		{26281BBC-465F-4D99-B192-140F6CDE12E0}.Release|Any CPU.ActiveCfg = Release|Any CPU
		{26281BBC-465F-4D99-B192-140F6CDE12E0}.Release|Any CPU.Build.0 = Release|Any CPU
		{C5A73303-7F93-4077-874D-78801C8918B8}.Debug|Any CPU.ActiveCfg = Debug|Any CPU
		{C5A73303-7F93-4077-874D-78801C8918B8}.Debug|Any CPU.Build.0 = Debug|Any CPU
		{C5A73303-7F93-4077-874D-78801C8918B8}.Release|Any CPU.ActiveCfg = Release|Any CPU
		{C5A73303-7F93-4077-874D-78801C8918B8}.Release|Any CPU.Build.0 = Release|Any CPU
	EndGlobalSection
	GlobalSection(SolutionProperties) = preSolution
		HideSolutionNode = FALSE
	EndGlobalSection
	GlobalSection(ExtensibilityGlobals) = postSolution
		SolutionGuid = {3B2D2CCC-54E3-4BD7-BFAF-DFEE4CEAA7FF}
	EndGlobalSection
EndGlobal
