
Microsoft Visual Studio Solution File, Format Version 12.00
# Visual Studio Version 17
VisualStudioVersion = 17.11.35222.181
MinimumVisualStudioVersion = 10.0.40219.1
Project("{FAE04EC0-301F-11D3-BF4B-00C04F79EFBC}") = "_RepairService", "_RepairService\_RepairService.csproj", "{98632E7C-7132-41B3-8C01-BAA0FDBF3334}"
EndProject
Project("{FAE04EC0-301F-11D3-BF4B-00C04F79EFBC}") = "RepairService.UnitTests", "RepairService.UnitTests\RepairService.UnitTests.csproj", "{AE5AF1FA-57C2-4DA8-8E4F-3CC4F4EA8C30}"
EndProject
Global
	GlobalSection(SolutionConfigurationPlatforms) = preSolution
		Debug|Any CPU = Debug|Any CPU
		Release|Any CPU = Release|Any CPU
	EndGlobalSection
	GlobalSection(ProjectConfigurationPlatforms) = postSolution
		{98632E7C-7132-41B3-8C01-BAA0FDBF3334}.Debug|Any CPU.ActiveCfg = Debug|Any CPU
		{98632E7C-7132-41B3-8C01-BAA0FDBF3334}.Debug|Any CPU.Build.0 = Debug|Any CPU
		{98632E7C-7132-41B3-8C01-BAA0FDBF3334}.Release|Any CPU.ActiveCfg = Release|Any CPU
		{98632E7C-7132-41B3-8C01-BAA0FDBF3334}.Release|Any CPU.Build.0 = Release|Any CPU
		{AE5AF1FA-57C2-4DA8-8E4F-3CC4F4EA8C30}.Debug|Any CPU.ActiveCfg = Debug|Any CPU
		{AE5AF1FA-57C2-4DA8-8E4F-3CC4F4EA8C30}.Debug|Any CPU.Build.0 = Debug|Any CPU
		{AE5AF1FA-57C2-4DA8-8E4F-3CC4F4EA8C30}.Release|Any CPU.ActiveCfg = Release|Any CPU
		{AE5AF1FA-57C2-4DA8-8E4F-3CC4F4EA8C30}.Release|Any CPU.Build.0 = Release|Any CPU
	EndGlobalSection
	GlobalSection(SolutionProperties) = preSolution
		HideSolutionNode = FALSE
	EndGlobalSection
	GlobalSection(ExtensibilityGlobals) = postSolution
		SolutionGuid = {D4E6F011-0619-4F69-AF84-99BF7A5F3826}
	EndGlobalSection
EndGlobal
